
Microsoft Visual Studio Solution File, Format Version 12.00
# Visual Studio 2013
VisualStudioVersion = 12.0.40629.0
MinimumVisualStudioVersion = 10.0.40219.1
Project("{FAE04EC0-301F-11D3-BF4B-00C04F79EFBC}") = "Assets", "Assets.csproj", "{EF7B07DA-E4EF-4AA3-B544-078EAA3E878A}"
EndProject
Project("{FAE04EC0-301F-11D3-BF4B-00C04F79EFBC}") = "AssetTests", "..\Test\AssetTests.csproj", "{A521AE80-EEDB-47CF-88FE-A7ACA0FD11A6}"
EndProject
Global
	GlobalSection(SolutionConfigurationPlatforms) = preSolution
		Debug|Any CPU = Debug|Any CPU
		Release|Any CPU = Release|Any CPU
	EndGlobalSection
	GlobalSection(ProjectConfigurationPlatforms) = postSolution
		{EF7B07DA-E4EF-4AA3-B544-078EAA3E878A}.Debug|Any CPU.ActiveCfg = Debug|Any CPU
		{EF7B07DA-E4EF-4AA3-B544-078EAA3E878A}.Debug|Any CPU.Build.0 = Debug|Any CPU
		{EF7B07DA-E4EF-4AA3-B544-078EAA3E878A}.Release|Any CPU.ActiveCfg = Release|Any CPU
		{EF7B07DA-E4EF-4AA3-B544-078EAA3E878A}.Release|Any CPU.Build.0 = Release|Any CPU
		{A521AE80-EEDB-47CF-88FE-A7ACA0FD11A6}.Debug|Any CPU.ActiveCfg = Debug|Any CPU
		{A521AE80-EEDB-47CF-88FE-A7ACA0FD11A6}.Debug|Any CPU.Build.0 = Debug|Any CPU
		{A521AE80-EEDB-47CF-88FE-A7ACA0FD11A6}.Release|Any CPU.ActiveCfg = Release|Any CPU
		{A521AE80-EEDB-47CF-88FE-A7ACA0FD11A6}.Release|Any CPU.Build.0 = Release|Any CPU
	EndGlobalSection
	GlobalSection(SolutionProperties) = preSolution
		HideSolutionNode = FALSE
	EndGlobalSection
EndGlobal
